# THIS IS AN AUTOGENERATED FILE. DO NOT EDIT THIS FILE DIRECTLY.
# yarn lockfile v1


codemirror-graphql@0.6.2:
  version "0.6.2"
  resolved "https://registry.yarnpkg.com/codemirror-graphql/-/codemirror-graphql-0.6.2.tgz#c9ab86093e03f6fea4295aee7515dd495dc7d6de"

codemirror@5.23.0:
  version "5.23.0"
  resolved "https://registry.yarnpkg.com/codemirror/-/codemirror-5.23.0.tgz#ac9b6b2e163a79e915b44cf0f43cd115cf6982dc"

graphiql@^0.9.1:
  version "0.9.1"
  resolved "https://registry.yarnpkg.com/graphiql/-/graphiql-0.9.1.tgz#38fb281b8e2c5697087b75f969eec19e81c21bbe"
  dependencies:
    codemirror "5.23.0"
    codemirror-graphql "0.6.2"
    marked "0.3.6"

marked@0.3.6:
  version "0.3.6"
  resolved "https://registry.yarnpkg.com/marked/-/marked-0.3.6.tgz#b2c6c618fccece4ef86c4fc6cb8a7cbf5aeda8d7"
