# THIS IS AN AUTOGENERATED FILE. DO NOT EDIT THIS FILE DIRECTLY.
# yarn lockfile v1


codemirror-graphql@^0.6.3:
  version "0.6.3"
  resolved "https://registry.yarnpkg.com/codemirror-graphql/-/codemirror-graphql-0.6.3.tgz#01f8841dab54c69e9f182caed39bd376c5ba3cb4"

codemirror@5.23.0:
  version "5.23.0"
  resolved "https://registry.yarnpkg.com/codemirror/-/codemirror-5.23.0.tgz#ac9b6b2e163a79e915b44cf0f43cd115cf6982dc"

graphiql@^0.9.3:
  version "0.9.3"
  resolved "https://registry.yarnpkg.com/graphiql/-/graphiql-0.9.3.tgz#939a73c73bbd7706b2693b5ff1f2c7fd29045124"
  dependencies:
    codemirror "5.23.0"
    codemirror-graphql "^0.6.3"
    marked "0.3.6"

marked@0.3.6:
  version "0.3.6"
  resolved "https://registry.yarnpkg.com/marked/-/marked-0.3.6.tgz#b2c6c618fccece4ef86c4fc6cb8a7cbf5aeda8d7"
